// !$*UTF8*$!
{
	archiveVersion = 1;
	classes = {
	};
	objectVersion = 56;
	objects = {

/* Begin PBXBuildFile section */
		532548DC2BD52D0F007B9772 /* WebLoadingView.swift in Sources */ = {isa = PBXBuildFile; fileRef = 532548DB2BD52D0F007B9772 /* WebLoadingView.swift */; };
		5377B1E42BD2B15100D660B8 /* NextSyncApp.swift in Sources */ = {isa = PBXBuildFile; fileRef = 5377B1E32BD2B15100D660B8 /* NextSyncApp.swift */; };
		5377B1E62BD2B15100D660B8 /* ContentView.swift in Sources */ = {isa = PBXBuildFile; fileRef = 5377B1E52BD2B15100D660B8 /* ContentView.swift */; };
		5377B1E82BD2B15300D660B8 /* Assets.xcassets in Resources */ = {isa = PBXBuildFile; fileRef = 5377B1E72BD2B15300D660B8 /* Assets.xcassets */; };
		5377B1EB2BD2B15300D660B8 /* Preview Assets.xcassets in Resources */ = {isa = PBXBuildFile; fileRef = 5377B1EA2BD2B15300D660B8 /* Preview Assets.xcassets */; };
		5377B1F52BD2B15300D660B8 /* NextSyncTests.swift in Sources */ = {isa = PBXBuildFile; fileRef = 5377B1F42BD2B15300D660B8 /* NextSyncTests.swift */; };
		5377B1FF2BD2B15300D660B8 /* NextSyncUITests.swift in Sources */ = {isa = PBXBuildFile; fileRef = 5377B1FE2BD2B15300D660B8 /* NextSyncUITests.swift */; };
		5377B2012BD2B15300D660B8 /* NextSyncUITestsLaunchTests.swift in Sources */ = {isa = PBXBuildFile; fileRef = 5377B2002BD2B15300D660B8 /* NextSyncUITestsLaunchTests.swift */; };
		5377B20F2BD2B2CB00D660B8 /* README.md in Resources */ = {isa = PBXBuildFile; fileRef = 5377B20E2BD2B2CB00D660B8 /* README.md */; };
		53BDE1A62D5DB89000254560 /* NextcloudFileProviderKit in Frameworks */ = {isa = PBXBuildFile; productRef = 53BDE1A52D5DB89000254560 /* NextcloudFileProviderKit */; };
		53E38F282BD2BB280095ACFC /* LoginWebView.swift in Sources */ = {isa = PBXBuildFile; fileRef = 53E38F272BD2BB280095ACFC /* LoginWebView.swift */; };
		53E38F2A2BD2BD140095ACFC /* LoginView.swift in Sources */ = {isa = PBXBuildFile; fileRef = 53E38F292BD2BD140095ACFC /* LoginView.swift */; };
		53E38F2D2BD2BF000095ACFC /* WebViewRepresentable.swift in Sources */ = {isa = PBXBuildFile; fileRef = 53E38F2C2BD2BF000095ACFC /* WebViewRepresentable.swift */; };
		53E38F2F2BD2CC370095ACFC /* LoginWebViewDelegate.swift in Sources */ = {isa = PBXBuildFile; fileRef = 53E38F2E2BD2CC370095ACFC /* LoginWebViewDelegate.swift */; };
		53E38F312BD3B2960095ACFC /* URLSchemeHandler.swift in Sources */ = {isa = PBXBuildFile; fileRef = 53E38F302BD3B2960095ACFC /* URLSchemeHandler.swift */; };
		53E38F372BD3CBCD0095ACFC /* MainSplitContentView.swift in Sources */ = {isa = PBXBuildFile; fileRef = 53E38F362BD3CBCD0095ACFC /* MainSplitContentView.swift */; };
		53E38F392BD3CC040095ACFC /* MainSidebar.swift in Sources */ = {isa = PBXBuildFile; fileRef = 53E38F382BD3CC040095ACFC /* MainSidebar.swift */; };
		53E38F3B2BD3CC170095ACFC /* MainDetailView.swift in Sources */ = {isa = PBXBuildFile; fileRef = 53E38F3A2BD3CC170095ACFC /* MainDetailView.swift */; };
		53E38F422BD3D23C0095ACFC /* AccountPicker.swift in Sources */ = {isa = PBXBuildFile; fileRef = 53E38F412BD3D23C0095ACFC /* AccountPicker.swift */; };
		53E38F452BD3E2DF0095ACFC /* FileProviderController.swift in Sources */ = {isa = PBXBuildFile; fileRef = 53E38F442BD3E2DF0095ACFC /* FileProviderController.swift */; };
		53E38F4D2BD4017C0095ACFC /* UniformTypeIdentifiers.framework in Frameworks */ = {isa = PBXBuildFile; fileRef = 53E38F4C2BD4017C0095ACFC /* UniformTypeIdentifiers.framework */; };
		53E38F502BD4017C0095ACFC /* FileProviderExtension.swift in Sources */ = {isa = PBXBuildFile; fileRef = 53E38F4F2BD4017C0095ACFC /* FileProviderExtension.swift */; };
		53E38F592BD4017C0095ACFC /* FileProviderExtension.appex in Embed Foundation Extensions */ = {isa = PBXBuildFile; fileRef = 53E38F4A2BD4017C0095ACFC /* FileProviderExtension.appex */; settings = {ATTRIBUTES = (RemoveHeadersOnCopy, ); }; };
		53E38F6A2BD427A40095ACFC /* NextSyncKit.docc in Sources */ = {isa = PBXBuildFile; fileRef = 53E38F692BD427A40095ACFC /* NextSyncKit.docc */; };
		53E38F702BD427A40095ACFC /* NextSyncKit.framework in Frameworks */ = {isa = PBXBuildFile; fileRef = 53E38F662BD427A40095ACFC /* NextSyncKit.framework */; };
		53E38F772BD427A40095ACFC /* NextSyncKitTests.swift in Sources */ = {isa = PBXBuildFile; fileRef = 53E38F762BD427A40095ACFC /* NextSyncKitTests.swift */; };
		53E38F782BD427A40095ACFC /* NextSyncKit.h in Headers */ = {isa = PBXBuildFile; fileRef = 53E38F682BD427A40095ACFC /* NextSyncKit.h */; settings = {ATTRIBUTES = (Public, ); }; };
		53E38F7B2BD427A40095ACFC /* NextSyncKit.framework in Frameworks */ = {isa = PBXBuildFile; fileRef = 53E38F662BD427A40095ACFC /* NextSyncKit.framework */; };
		53E38F7C2BD427A40095ACFC /* NextSyncKit.framework in Embed Frameworks */ = {isa = PBXBuildFile; fileRef = 53E38F662BD427A40095ACFC /* NextSyncKit.framework */; settings = {ATTRIBUTES = (CodeSignOnCopy, RemoveHeadersOnCopy, ); }; };
		53E38F842BD427E70095ACFC /* AccountsActor.swift in Sources */ = {isa = PBXBuildFile; fileRef = 5377B2112BD2B39000D660B8 /* AccountsActor.swift */; };
		53E38F852BD427E70095ACFC /* AccountModel.swift in Sources */ = {isa = PBXBuildFile; fileRef = 5377B2132BD2B5B000D660B8 /* AccountModel.swift */; };
		53E38F872BD428160095ACFC /* NextSyncKit.framework in Frameworks */ = {isa = PBXBuildFile; fileRef = 53E38F662BD427A40095ACFC /* NextSyncKit.framework */; };
		53E38F882BD428160095ACFC /* NextSyncKit.framework in Embed Frameworks */ = {isa = PBXBuildFile; fileRef = 53E38F662BD427A40095ACFC /* NextSyncKit.framework */; settings = {ATTRIBUTES = (CodeSignOnCopy, RemoveHeadersOnCopy, ); }; };
		53E38F8C2BD429D80095ACFC /* Logger+Extension.swift in Sources */ = {isa = PBXBuildFile; fileRef = 53E38F342BD3CA9F0095ACFC /* Logger+Extension.swift */; };
		53E38F932BD435460095ACFC /* FileProviderExtension+Servicing.swift in Sources */ = {isa = PBXBuildFile; fileRef = 53E38F922BD435460095ACFC /* FileProviderExtension+Servicing.swift */; };
		53E38F962BD435AA0095ACFC /* AppCommunicationServiceSource.swift in Sources */ = {isa = PBXBuildFile; fileRef = 53E38F952BD435AA0095ACFC /* AppCommunicationServiceSource.swift */; };
		53E38F992BD435C40095ACFC /* AppCommunicationService.swift in Sources */ = {isa = PBXBuildFile; fileRef = 53E38F982BD435C40095ACFC /* AppCommunicationService.swift */; };
		53E38F9B2BD443D00095ACFC /* NSFileProviderDomain+Extensions.swift in Sources */ = {isa = PBXBuildFile; fileRef = 53E38F9A2BD443D00095ACFC /* NSFileProviderDomain+Extensions.swift */; };
		53E38F9D2BD507660095ACFC /* FileProviderExtension+Thumbnailing.swift in Sources */ = {isa = PBXBuildFile; fileRef = 53E38F9C2BD507660095ACFC /* FileProviderExtension+Thumbnailing.swift */; };
/* End PBXBuildFile section */

/* Begin PBXContainerItemProxy section */
		5377B1F12BD2B15300D660B8 /* PBXContainerItemProxy */ = {
			isa = PBXContainerItemProxy;
			containerPortal = 5377B1D82BD2B15100D660B8 /* Project object */;
			proxyType = 1;
			remoteGlobalIDString = 5377B1DF2BD2B15100D660B8;
			remoteInfo = NextSync;
		};
		5377B1FB2BD2B15300D660B8 /* PBXContainerItemProxy */ = {
			isa = PBXContainerItemProxy;
			containerPortal = 5377B1D82BD2B15100D660B8 /* Project object */;
			proxyType = 1;
			remoteGlobalIDString = 5377B1DF2BD2B15100D660B8;
			remoteInfo = NextSync;
		};
		53E38F572BD4017C0095ACFC /* PBXContainerItemProxy */ = {
			isa = PBXContainerItemProxy;
			containerPortal = 5377B1D82BD2B15100D660B8 /* Project object */;
			proxyType = 1;
			remoteGlobalIDString = 53E38F492BD4017C0095ACFC;
			remoteInfo = FileProviderExtension;
		};
		53E38F712BD427A40095ACFC /* PBXContainerItemProxy */ = {
			isa = PBXContainerItemProxy;
			containerPortal = 5377B1D82BD2B15100D660B8 /* Project object */;
			proxyType = 1;
			remoteGlobalIDString = 53E38F652BD427A40095ACFC;
			remoteInfo = NextSyncKit;
		};
		53E38F732BD427A40095ACFC /* PBXContainerItemProxy */ = {
			isa = PBXContainerItemProxy;
			containerPortal = 5377B1D82BD2B15100D660B8 /* Project object */;
			proxyType = 1;
			remoteGlobalIDString = 5377B1DF2BD2B15100D660B8;
			remoteInfo = NextSync;
		};
		53E38F792BD427A40095ACFC /* PBXContainerItemProxy */ = {
			isa = PBXContainerItemProxy;
			containerPortal = 5377B1D82BD2B15100D660B8 /* Project object */;
			proxyType = 1;
			remoteGlobalIDString = 53E38F652BD427A40095ACFC;
			remoteInfo = NextSyncKit;
		};
		53E38F892BD428160095ACFC /* PBXContainerItemProxy */ = {
			isa = PBXContainerItemProxy;
			containerPortal = 5377B1D82BD2B15100D660B8 /* Project object */;
			proxyType = 1;
			remoteGlobalIDString = 53E38F652BD427A40095ACFC;
			remoteInfo = NextSyncKit;
		};
/* End PBXContainerItemProxy section */

/* Begin PBXCopyFilesBuildPhase section */
		53E38F5D2BD4017C0095ACFC /* Embed Foundation Extensions */ = {
			isa = PBXCopyFilesBuildPhase;
			buildActionMask = 2147483647;
			dstPath = "";
			dstSubfolderSpec = 13;
			files = (
				53E38F592BD4017C0095ACFC /* FileProviderExtension.appex in Embed Foundation Extensions */,
			);
			name = "Embed Foundation Extensions";
			runOnlyForDeploymentPostprocessing = 0;
		};
		53E38F802BD427A40095ACFC /* Embed Frameworks */ = {
			isa = PBXCopyFilesBuildPhase;
			buildActionMask = 2147483647;
			dstPath = "";
			dstSubfolderSpec = 10;
			files = (
				53E38F7C2BD427A40095ACFC /* NextSyncKit.framework in Embed Frameworks */,
			);
			name = "Embed Frameworks";
			runOnlyForDeploymentPostprocessing = 0;
		};
		53E38F8B2BD428160095ACFC /* Embed Frameworks */ = {
			isa = PBXCopyFilesBuildPhase;
			buildActionMask = 2147483647;
			dstPath = "";
			dstSubfolderSpec = 10;
			files = (
				53E38F882BD428160095ACFC /* NextSyncKit.framework in Embed Frameworks */,
			);
			name = "Embed Frameworks";
			runOnlyForDeploymentPostprocessing = 0;
		};
/* End PBXCopyFilesBuildPhase section */

/* Begin PBXFileReference section */
		532548DB2BD52D0F007B9772 /* WebLoadingView.swift */ = {isa = PBXFileReference; lastKnownFileType = sourcecode.swift; path = WebLoadingView.swift; sourceTree = "<group>"; };
		532549452BD66DA9007B9772 /* FileProviderExtension.entitlements */ = {isa = PBXFileReference; fileEncoding = 4; lastKnownFileType = text.plist.entitlements; path = FileProviderExtension.entitlements; sourceTree = "<group>"; };
		532549462BD66DCB007B9772 /* NextSync.entitlements */ = {isa = PBXFileReference; lastKnownFileType = text.plist.entitlements; path = NextSync.entitlements; sourceTree = "<group>"; };
		5377B1E02BD2B15100D660B8 /* NextSync.app */ = {isa = PBXFileReference; explicitFileType = wrapper.application; includeInIndex = 0; path = NextSync.app; sourceTree = BUILT_PRODUCTS_DIR; };
		5377B1E32BD2B15100D660B8 /* NextSyncApp.swift */ = {isa = PBXFileReference; lastKnownFileType = sourcecode.swift; path = NextSyncApp.swift; sourceTree = "<group>"; };
		5377B1E52BD2B15100D660B8 /* ContentView.swift */ = {isa = PBXFileReference; lastKnownFileType = sourcecode.swift; path = ContentView.swift; sourceTree = "<group>"; };
		5377B1E72BD2B15300D660B8 /* Assets.xcassets */ = {isa = PBXFileReference; lastKnownFileType = folder.assetcatalog; path = Assets.xcassets; sourceTree = "<group>"; };
		5377B1EA2BD2B15300D660B8 /* Preview Assets.xcassets */ = {isa = PBXFileReference; lastKnownFileType = folder.assetcatalog; path = "Preview Assets.xcassets"; sourceTree = "<group>"; };
		5377B1F02BD2B15300D660B8 /* NextSyncTests.xctest */ = {isa = PBXFileReference; explicitFileType = wrapper.cfbundle; includeInIndex = 0; path = NextSyncTests.xctest; sourceTree = BUILT_PRODUCTS_DIR; };
		5377B1F42BD2B15300D660B8 /* NextSyncTests.swift */ = {isa = PBXFileReference; lastKnownFileType = sourcecode.swift; path = NextSyncTests.swift; sourceTree = "<group>"; };
		5377B1FA2BD2B15300D660B8 /* NextSyncUITests.xctest */ = {isa = PBXFileReference; explicitFileType = wrapper.cfbundle; includeInIndex = 0; path = NextSyncUITests.xctest; sourceTree = BUILT_PRODUCTS_DIR; };
		5377B1FE2BD2B15300D660B8 /* NextSyncUITests.swift */ = {isa = PBXFileReference; lastKnownFileType = sourcecode.swift; path = NextSyncUITests.swift; sourceTree = "<group>"; };
		5377B2002BD2B15300D660B8 /* NextSyncUITestsLaunchTests.swift */ = {isa = PBXFileReference; lastKnownFileType = sourcecode.swift; path = NextSyncUITestsLaunchTests.swift; sourceTree = "<group>"; };
		5377B20D2BD2B18C00D660B8 /* Info.plist */ = {isa = PBXFileReference; lastKnownFileType = text.plist; path = Info.plist; sourceTree = "<group>"; };
		5377B20E2BD2B2CB00D660B8 /* README.md */ = {isa = PBXFileReference; fileEncoding = 4; lastKnownFileType = net.daringfireball.markdown; path = README.md; sourceTree = "<group>"; };
		5377B2112BD2B39000D660B8 /* AccountsActor.swift */ = {isa = PBXFileReference; lastKnownFileType = sourcecode.swift; path = AccountsActor.swift; sourceTree = "<group>"; };
		5377B2132BD2B5B000D660B8 /* AccountModel.swift */ = {isa = PBXFileReference; lastKnownFileType = sourcecode.swift; path = AccountModel.swift; sourceTree = "<group>"; };
		53E38F272BD2BB280095ACFC /* LoginWebView.swift */ = {isa = PBXFileReference; lastKnownFileType = sourcecode.swift; path = LoginWebView.swift; sourceTree = "<group>"; };
		53E38F292BD2BD140095ACFC /* LoginView.swift */ = {isa = PBXFileReference; lastKnownFileType = sourcecode.swift; path = LoginView.swift; sourceTree = "<group>"; };
		53E38F2C2BD2BF000095ACFC /* WebViewRepresentable.swift */ = {isa = PBXFileReference; lastKnownFileType = sourcecode.swift; path = WebViewRepresentable.swift; sourceTree = "<group>"; };
		53E38F2E2BD2CC370095ACFC /* LoginWebViewDelegate.swift */ = {isa = PBXFileReference; lastKnownFileType = sourcecode.swift; path = LoginWebViewDelegate.swift; sourceTree = "<group>"; };
		53E38F302BD3B2960095ACFC /* URLSchemeHandler.swift */ = {isa = PBXFileReference; lastKnownFileType = sourcecode.swift; path = URLSchemeHandler.swift; sourceTree = "<group>"; };
		53E38F342BD3CA9F0095ACFC /* Logger+Extension.swift */ = {isa = PBXFileReference; lastKnownFileType = sourcecode.swift; path = "Logger+Extension.swift"; sourceTree = "<group>"; };
		53E38F362BD3CBCD0095ACFC /* MainSplitContentView.swift */ = {isa = PBXFileReference; lastKnownFileType = sourcecode.swift; path = MainSplitContentView.swift; sourceTree = "<group>"; };
		53E38F382BD3CC040095ACFC /* MainSidebar.swift */ = {isa = PBXFileReference; lastKnownFileType = sourcecode.swift; path = MainSidebar.swift; sourceTree = "<group>"; };
		53E38F3A2BD3CC170095ACFC /* MainDetailView.swift */ = {isa = PBXFileReference; lastKnownFileType = sourcecode.swift; path = MainDetailView.swift; sourceTree = "<group>"; };
		53E38F412BD3D23C0095ACFC /* AccountPicker.swift */ = {isa = PBXFileReference; lastKnownFileType = sourcecode.swift; path = AccountPicker.swift; sourceTree = "<group>"; };
		53E38F442BD3E2DF0095ACFC /* FileProviderController.swift */ = {isa = PBXFileReference; lastKnownFileType = sourcecode.swift; path = FileProviderController.swift; sourceTree = "<group>"; };
		53E38F4A2BD4017C0095ACFC /* FileProviderExtension.appex */ = {isa = PBXFileReference; explicitFileType = "wrapper.app-extension"; includeInIndex = 0; path = FileProviderExtension.appex; sourceTree = BUILT_PRODUCTS_DIR; };
		53E38F4C2BD4017C0095ACFC /* UniformTypeIdentifiers.framework */ = {isa = PBXFileReference; lastKnownFileType = wrapper.framework; name = UniformTypeIdentifiers.framework; path = System/Library/Frameworks/UniformTypeIdentifiers.framework; sourceTree = SDKROOT; };
		53E38F4F2BD4017C0095ACFC /* FileProviderExtension.swift */ = {isa = PBXFileReference; lastKnownFileType = sourcecode.swift; path = FileProviderExtension.swift; sourceTree = "<group>"; };
		53E38F552BD4017C0095ACFC /* Info.plist */ = {isa = PBXFileReference; lastKnownFileType = text.plist.xml; path = Info.plist; sourceTree = "<group>"; };
		53E38F562BD4017C0095ACFC /* FileProviderExtension-macOS.entitlements */ = {isa = PBXFileReference; lastKnownFileType = text.plist.entitlements; path = "FileProviderExtension-macOS.entitlements"; sourceTree = "<group>"; };
		53E38F662BD427A40095ACFC /* NextSyncKit.framework */ = {isa = PBXFileReference; explicitFileType = wrapper.framework; includeInIndex = 0; path = NextSyncKit.framework; sourceTree = BUILT_PRODUCTS_DIR; };
		53E38F682BD427A40095ACFC /* NextSyncKit.h */ = {isa = PBXFileReference; lastKnownFileType = sourcecode.c.h; path = NextSyncKit.h; sourceTree = "<group>"; };
		53E38F692BD427A40095ACFC /* NextSyncKit.docc */ = {isa = PBXFileReference; lastKnownFileType = folder.documentationcatalog; path = NextSyncKit.docc; sourceTree = "<group>"; };
		53E38F6F2BD427A40095ACFC /* NextSyncKitTests.xctest */ = {isa = PBXFileReference; explicitFileType = wrapper.cfbundle; includeInIndex = 0; path = NextSyncKitTests.xctest; sourceTree = BUILT_PRODUCTS_DIR; };
		53E38F762BD427A40095ACFC /* NextSyncKitTests.swift */ = {isa = PBXFileReference; lastKnownFileType = sourcecode.swift; path = NextSyncKitTests.swift; sourceTree = "<group>"; };
		53E38F922BD435460095ACFC /* FileProviderExtension+Servicing.swift */ = {isa = PBXFileReference; lastKnownFileType = sourcecode.swift; path = "FileProviderExtension+Servicing.swift"; sourceTree = "<group>"; };
		53E38F952BD435AA0095ACFC /* AppCommunicationServiceSource.swift */ = {isa = PBXFileReference; lastKnownFileType = sourcecode.swift; path = AppCommunicationServiceSource.swift; sourceTree = "<group>"; };
		53E38F982BD435C40095ACFC /* AppCommunicationService.swift */ = {isa = PBXFileReference; lastKnownFileType = sourcecode.swift; path = AppCommunicationService.swift; sourceTree = "<group>"; };
		53E38F9A2BD443D00095ACFC /* NSFileProviderDomain+Extensions.swift */ = {isa = PBXFileReference; lastKnownFileType = sourcecode.swift; path = "NSFileProviderDomain+Extensions.swift"; sourceTree = "<group>"; };
		53E38F9C2BD507660095ACFC /* FileProviderExtension+Thumbnailing.swift */ = {isa = PBXFileReference; lastKnownFileType = sourcecode.swift; path = "FileProviderExtension+Thumbnailing.swift"; sourceTree = "<group>"; };
		53E38F9E2BD50FA00095ACFC /* NextSync-macOS.entitlements */ = {isa = PBXFileReference; lastKnownFileType = text.plist.entitlements; path = "NextSync-macOS.entitlements"; sourceTree = "<group>"; };
/* End PBXFileReference section */

/* Begin PBXFrameworksBuildPhase section */
		5377B1DD2BD2B15100D660B8 /* Frameworks */ = {
			isa = PBXFrameworksBuildPhase;
			buildActionMask = 2147483647;
			files = (
				53E38F7B2BD427A40095ACFC /* NextSyncKit.framework in Frameworks */,
			);
			runOnlyForDeploymentPostprocessing = 0;
		};
		5377B1ED2BD2B15300D660B8 /* Frameworks */ = {
			isa = PBXFrameworksBuildPhase;
			buildActionMask = 2147483647;
			files = (
			);
			runOnlyForDeploymentPostprocessing = 0;
		};
		5377B1F72BD2B15300D660B8 /* Frameworks */ = {
			isa = PBXFrameworksBuildPhase;
			buildActionMask = 2147483647;
			files = (
			);
			runOnlyForDeploymentPostprocessing = 0;
		};
		53E38F472BD4017C0095ACFC /* Frameworks */ = {
			isa = PBXFrameworksBuildPhase;
			buildActionMask = 2147483647;
			files = (
				53E38F4D2BD4017C0095ACFC /* UniformTypeIdentifiers.framework in Frameworks */,
				53E38F872BD428160095ACFC /* NextSyncKit.framework in Frameworks */,
			);
			runOnlyForDeploymentPostprocessing = 0;
		};
		53E38F632BD427A40095ACFC /* Frameworks */ = {
			isa = PBXFrameworksBuildPhase;
			buildActionMask = 2147483647;
			files = (
				53BDE1A62D5DB89000254560 /* NextcloudFileProviderKit in Frameworks */,
			);
			runOnlyForDeploymentPostprocessing = 0;
		};
		53E38F6C2BD427A40095ACFC /* Frameworks */ = {
			isa = PBXFrameworksBuildPhase;
			buildActionMask = 2147483647;
			files = (
				53E38F702BD427A40095ACFC /* NextSyncKit.framework in Frameworks */,
			);
			runOnlyForDeploymentPostprocessing = 0;
		};
/* End PBXFrameworksBuildPhase section */

/* Begin PBXGroup section */
		5377B1D72BD2B15100D660B8 = {
			isa = PBXGroup;
			children = (
				5377B20E2BD2B2CB00D660B8 /* README.md */,
				53E38F4E2BD4017C0095ACFC /* FileProviderExtension */,
				5377B1E22BD2B15100D660B8 /* NextSync */,
				5377B1F32BD2B15300D660B8 /* NextSyncTests */,
				5377B1FD2BD2B15300D660B8 /* NextSyncUITests */,
				53E38F672BD427A40095ACFC /* NextSyncKit */,
				53E38F752BD427A40095ACFC /* NextSyncKitTests */,
				53E38F4B2BD4017C0095ACFC /* Frameworks */,
				5377B1E12BD2B15100D660B8 /* Products */,
			);
			sourceTree = "<group>";
		};
		5377B1E12BD2B15100D660B8 /* Products */ = {
			isa = PBXGroup;
			children = (
				5377B1E02BD2B15100D660B8 /* NextSync.app */,
				5377B1F02BD2B15300D660B8 /* NextSyncTests.xctest */,
				5377B1FA2BD2B15300D660B8 /* NextSyncUITests.xctest */,
				53E38F4A2BD4017C0095ACFC /* FileProviderExtension.appex */,
				53E38F662BD427A40095ACFC /* NextSyncKit.framework */,
				53E38F6F2BD427A40095ACFC /* NextSyncKitTests.xctest */,
			);
			name = Products;
			sourceTree = "<group>";
		};
		5377B1E22BD2B15100D660B8 /* NextSync */ = {
			isa = PBXGroup;
			children = (
				532549462BD66DCB007B9772 /* NextSync.entitlements */,
				53E38F9E2BD50FA00095ACFC /* NextSync-macOS.entitlements */,
				5377B2102BD2B36800D660B8 /* Account */,
				53E38F432BD3E2B60095ACFC /* Files */,
				53E38F262BD2BB0D0095ACFC /* Login */,
				53E38F322BD3B5110095ACFC /* Web */,
				5377B20D2BD2B18C00D660B8 /* Info.plist */,
				5377B1E52BD2B15100D660B8 /* ContentView.swift */,
				53E38F3A2BD3CC170095ACFC /* MainDetailView.swift */,
				53E38F382BD3CC040095ACFC /* MainSidebar.swift */,
				53E38F362BD3CBCD0095ACFC /* MainSplitContentView.swift */,
				5377B1E32BD2B15100D660B8 /* NextSyncApp.swift */,
				5377B1E72BD2B15300D660B8 /* Assets.xcassets */,
				5377B1E92BD2B15300D660B8 /* Preview Content */,
			);
			path = NextSync;
			sourceTree = "<group>";
		};
		5377B1E92BD2B15300D660B8 /* Preview Content */ = {
			isa = PBXGroup;
			children = (
				5377B1EA2BD2B15300D660B8 /* Preview Assets.xcassets */,
			);
			path = "Preview Content";
			sourceTree = "<group>";
		};
		5377B1F32BD2B15300D660B8 /* NextSyncTests */ = {
			isa = PBXGroup;
			children = (
				5377B1F42BD2B15300D660B8 /* NextSyncTests.swift */,
			);
			path = NextSyncTests;
			sourceTree = "<group>";
		};
		5377B1FD2BD2B15300D660B8 /* NextSyncUITests */ = {
			isa = PBXGroup;
			children = (
				5377B1FE2BD2B15300D660B8 /* NextSyncUITests.swift */,
				5377B2002BD2B15300D660B8 /* NextSyncUITestsLaunchTests.swift */,
			);
			path = NextSyncUITests;
			sourceTree = "<group>";
		};
		5377B2102BD2B36800D660B8 /* Account */ = {
			isa = PBXGroup;
			children = (
				53E38F412BD3D23C0095ACFC /* AccountPicker.swift */,
			);
			path = Account;
			sourceTree = "<group>";
		};
		53E38F262BD2BB0D0095ACFC /* Login */ = {
			isa = PBXGroup;
			children = (
				53E38F292BD2BD140095ACFC /* LoginView.swift */,
				53E38F272BD2BB280095ACFC /* LoginWebView.swift */,
				53E38F2E2BD2CC370095ACFC /* LoginWebViewDelegate.swift */,
			);
			path = Login;
			sourceTree = "<group>";
		};
		53E38F322BD3B5110095ACFC /* Web */ = {
			isa = PBXGroup;
			children = (
				53E38F302BD3B2960095ACFC /* URLSchemeHandler.swift */,
				532548DB2BD52D0F007B9772 /* WebLoadingView.swift */,
				53E38F2C2BD2BF000095ACFC /* WebViewRepresentable.swift */,
			);
			path = Web;
			sourceTree = "<group>";
		};
		53E38F332BD3CA8E0095ACFC /* Extensions */ = {
			isa = PBXGroup;
			children = (
				53E38F342BD3CA9F0095ACFC /* Logger+Extension.swift */,
				53E38F9A2BD443D00095ACFC /* NSFileProviderDomain+Extensions.swift */,
			);
			path = Extensions;
			sourceTree = "<group>";
		};
		53E38F432BD3E2B60095ACFC /* Files */ = {
			isa = PBXGroup;
			children = (
				53E38F442BD3E2DF0095ACFC /* FileProviderController.swift */,
			);
			path = Files;
			sourceTree = "<group>";
		};
		53E38F4B2BD4017C0095ACFC /* Frameworks */ = {
			isa = PBXGroup;
			children = (
				53E38F4C2BD4017C0095ACFC /* UniformTypeIdentifiers.framework */,
			);
			name = Frameworks;
			sourceTree = "<group>";
		};
		53E38F4E2BD4017C0095ACFC /* FileProviderExtension */ = {
			isa = PBXGroup;
			children = (
				53E38F942BD4358D0095ACFC /* Services */,
				53E38F4F2BD4017C0095ACFC /* FileProviderExtension.swift */,
				53E38F9C2BD507660095ACFC /* FileProviderExtension+Thumbnailing.swift */,
				53E38F922BD435460095ACFC /* FileProviderExtension+Servicing.swift */,
				53E38F552BD4017C0095ACFC /* Info.plist */,
				532549452BD66DA9007B9772 /* FileProviderExtension.entitlements */,
				53E38F562BD4017C0095ACFC /* FileProviderExtension-macOS.entitlements */,
			);
			path = FileProviderExtension;
			sourceTree = "<group>";
		};
		53E38F672BD427A40095ACFC /* NextSyncKit */ = {
			isa = PBXGroup;
			children = (
				53E38F862BD427FE0095ACFC /* Account */,
				53E38F332BD3CA8E0095ACFC /* Extensions */,
				53E38F972BD435B30095ACFC /* File Provider */,
				53E38F682BD427A40095ACFC /* NextSyncKit.h */,
				53E38F692BD427A40095ACFC /* NextSyncKit.docc */,
			);
			path = NextSyncKit;
			sourceTree = "<group>";
		};
		53E38F752BD427A40095ACFC /* NextSyncKitTests */ = {
			isa = PBXGroup;
			children = (
				53E38F762BD427A40095ACFC /* NextSyncKitTests.swift */,
			);
			path = NextSyncKitTests;
			sourceTree = "<group>";
		};
		53E38F862BD427FE0095ACFC /* Account */ = {
			isa = PBXGroup;
			children = (
				5377B2112BD2B39000D660B8 /* AccountsActor.swift */,
				5377B2132BD2B5B000D660B8 /* AccountModel.swift */,
			);
			path = Account;
			sourceTree = "<group>";
		};
		53E38F942BD4358D0095ACFC /* Services */ = {
			isa = PBXGroup;
			children = (
				53E38F952BD435AA0095ACFC /* AppCommunicationServiceSource.swift */,
			);
			path = Services;
			sourceTree = "<group>";
		};
		53E38F972BD435B30095ACFC /* File Provider */ = {
			isa = PBXGroup;
			children = (
				53E38F982BD435C40095ACFC /* AppCommunicationService.swift */,
			);
			path = "File Provider";
			sourceTree = "<group>";
		};
/* End PBXGroup section */

/* Begin PBXHeadersBuildPhase section */
		53E38F612BD427A40095ACFC /* Headers */ = {
			isa = PBXHeadersBuildPhase;
			buildActionMask = 2147483647;
			files = (
				53E38F782BD427A40095ACFC /* NextSyncKit.h in Headers */,
			);
			runOnlyForDeploymentPostprocessing = 0;
		};
/* End PBXHeadersBuildPhase section */

/* Begin PBXNativeTarget section */
		5377B1DF2BD2B15100D660B8 /* NextSync */ = {
			isa = PBXNativeTarget;
			buildConfigurationList = 5377B2042BD2B15300D660B8 /* Build configuration list for PBXNativeTarget "NextSync" */;
			buildPhases = (
				5377B1DC2BD2B15100D660B8 /* Sources */,
				5377B1DD2BD2B15100D660B8 /* Frameworks */,
				5377B1DE2BD2B15100D660B8 /* Resources */,
				53E38F5D2BD4017C0095ACFC /* Embed Foundation Extensions */,
				53E38F802BD427A40095ACFC /* Embed Frameworks */,
			);
			buildRules = (
			);
			dependencies = (
				53E38F582BD4017C0095ACFC /* PBXTargetDependency */,
				53E38F7A2BD427A40095ACFC /* PBXTargetDependency */,
			);
			name = NextSync;
			productName = NextSync;
			productReference = 5377B1E02BD2B15100D660B8 /* NextSync.app */;
			productType = "com.apple.product-type.application";
		};
		5377B1EF2BD2B15300D660B8 /* NextSyncTests */ = {
			isa = PBXNativeTarget;
			buildConfigurationList = 5377B2072BD2B15300D660B8 /* Build configuration list for PBXNativeTarget "NextSyncTests" */;
			buildPhases = (
				5377B1EC2BD2B15300D660B8 /* Sources */,
				5377B1ED2BD2B15300D660B8 /* Frameworks */,
				5377B1EE2BD2B15300D660B8 /* Resources */,
			);
			buildRules = (
			);
			dependencies = (
				5377B1F22BD2B15300D660B8 /* PBXTargetDependency */,
			);
			name = NextSyncTests;
			productName = NextSyncTests;
			productReference = 5377B1F02BD2B15300D660B8 /* NextSyncTests.xctest */;
			productType = "com.apple.product-type.bundle.unit-test";
		};
		5377B1F92BD2B15300D660B8 /* NextSyncUITests */ = {
			isa = PBXNativeTarget;
			buildConfigurationList = 5377B20A2BD2B15300D660B8 /* Build configuration list for PBXNativeTarget "NextSyncUITests" */;
			buildPhases = (
				5377B1F62BD2B15300D660B8 /* Sources */,
				5377B1F72BD2B15300D660B8 /* Frameworks */,
				5377B1F82BD2B15300D660B8 /* Resources */,
			);
			buildRules = (
			);
			dependencies = (
				5377B1FC2BD2B15300D660B8 /* PBXTargetDependency */,
			);
			name = NextSyncUITests;
			productName = NextSyncUITests;
			productReference = 5377B1FA2BD2B15300D660B8 /* NextSyncUITests.xctest */;
			productType = "com.apple.product-type.bundle.ui-testing";
		};
		53E38F492BD4017C0095ACFC /* FileProviderExtension */ = {
			isa = PBXNativeTarget;
			buildConfigurationList = 53E38F5A2BD4017C0095ACFC /* Build configuration list for PBXNativeTarget "FileProviderExtension" */;
			buildPhases = (
				53E38F462BD4017C0095ACFC /* Sources */,
				53E38F472BD4017C0095ACFC /* Frameworks */,
				53E38F482BD4017C0095ACFC /* Resources */,
				53E38F8B2BD428160095ACFC /* Embed Frameworks */,
			);
			buildRules = (
			);
			dependencies = (
				53E38F8A2BD428160095ACFC /* PBXTargetDependency */,
			);
			name = FileProviderExtension;
			packageProductDependencies = (
			);
			productName = FileProviderExtension;
			productReference = 53E38F4A2BD4017C0095ACFC /* FileProviderExtension.appex */;
			productType = "com.apple.product-type.app-extension";
		};
		53E38F652BD427A40095ACFC /* NextSyncKit */ = {
			isa = PBXNativeTarget;
			buildConfigurationList = 53E38F7D2BD427A40095ACFC /* Build configuration list for PBXNativeTarget "NextSyncKit" */;
			buildPhases = (
				53E38F612BD427A40095ACFC /* Headers */,
				53E38F622BD427A40095ACFC /* Sources */,
				53E38F632BD427A40095ACFC /* Frameworks */,
				53E38F642BD427A40095ACFC /* Resources */,
			);
			buildRules = (
			);
			dependencies = (
			);
			name = NextSyncKit;
			productName = NextSyncKit;
			productReference = 53E38F662BD427A40095ACFC /* NextSyncKit.framework */;
			productType = "com.apple.product-type.framework";
		};
		53E38F6E2BD427A40095ACFC /* NextSyncKitTests */ = {
			isa = PBXNativeTarget;
			buildConfigurationList = 53E38F812BD427A40095ACFC /* Build configuration list for PBXNativeTarget "NextSyncKitTests" */;
			buildPhases = (
				53E38F6B2BD427A40095ACFC /* Sources */,
				53E38F6C2BD427A40095ACFC /* Frameworks */,
				53E38F6D2BD427A40095ACFC /* Resources */,
			);
			buildRules = (
			);
			dependencies = (
				53E38F722BD427A40095ACFC /* PBXTargetDependency */,
				53E38F742BD427A40095ACFC /* PBXTargetDependency */,
			);
			name = NextSyncKitTests;
			productName = NextSyncKitTests;
			productReference = 53E38F6F2BD427A40095ACFC /* NextSyncKitTests.xctest */;
			productType = "com.apple.product-type.bundle.unit-test";
		};
/* End PBXNativeTarget section */

/* Begin PBXProject section */
		5377B1D82BD2B15100D660B8 /* Project object */ = {
			isa = PBXProject;
			attributes = {
				BuildIndependentTargetsInParallel = 1;
				LastSwiftUpdateCheck = 1530;
				LastUpgradeCheck = 1530;
				TargetAttributes = {
					5377B1DF2BD2B15100D660B8 = {
						CreatedOnToolsVersion = 15.3;
					};
					5377B1EF2BD2B15300D660B8 = {
						CreatedOnToolsVersion = 15.3;
						TestTargetID = 5377B1DF2BD2B15100D660B8;
					};
					5377B1F92BD2B15300D660B8 = {
						CreatedOnToolsVersion = 15.3;
						TestTargetID = 5377B1DF2BD2B15100D660B8;
					};
					53E38F492BD4017C0095ACFC = {
						CreatedOnToolsVersion = 15.3;
					};
					53E38F652BD427A40095ACFC = {
						CreatedOnToolsVersion = 15.3;
					};
					53E38F6E2BD427A40095ACFC = {
						CreatedOnToolsVersion = 15.3;
						TestTargetID = 5377B1DF2BD2B15100D660B8;
					};
				};
			};
			buildConfigurationList = 5377B1DB2BD2B15100D660B8 /* Build configuration list for PBXProject "NextSync" */;
			compatibilityVersion = "Xcode 14.0";
			developmentRegion = en;
			hasScannedForEncodings = 0;
			knownRegions = (
				en,
				Base,
			);
			mainGroup = 5377B1D72BD2B15100D660B8;
			packageReferences = (
				53E38F5E2BD40F9C0095ACFC /* XCRemoteSwiftPackageReference "NextcloudFileProviderKit" */,
			);
			productRefGroup = 5377B1E12BD2B15100D660B8 /* Products */;
			projectDirPath = "";
			projectRoot = "";
			targets = (
				5377B1DF2BD2B15100D660B8 /* NextSync */,
				5377B1EF2BD2B15300D660B8 /* NextSyncTests */,
				5377B1F92BD2B15300D660B8 /* NextSyncUITests */,
				53E38F492BD4017C0095ACFC /* FileProviderExtension */,
				53E38F652BD427A40095ACFC /* NextSyncKit */,
				53E38F6E2BD427A40095ACFC /* NextSyncKitTests */,
			);
		};
/* End PBXProject section */

/* Begin PBXResourcesBuildPhase section */
		5377B1DE2BD2B15100D660B8 /* Resources */ = {
			isa = PBXResourcesBuildPhase;
			buildActionMask = 2147483647;
			files = (
				5377B20F2BD2B2CB00D660B8 /* README.md in Resources */,
				5377B1EB2BD2B15300D660B8 /* Preview Assets.xcassets in Resources */,
				5377B1E82BD2B15300D660B8 /* Assets.xcassets in Resources */,
			);
			runOnlyForDeploymentPostprocessing = 0;
		};
		5377B1EE2BD2B15300D660B8 /* Resources */ = {
			isa = PBXResourcesBuildPhase;
			buildActionMask = 2147483647;
			files = (
			);
			runOnlyForDeploymentPostprocessing = 0;
		};
		5377B1F82BD2B15300D660B8 /* Resources */ = {
			isa = PBXResourcesBuildPhase;
			buildActionMask = 2147483647;
			files = (
			);
			runOnlyForDeploymentPostprocessing = 0;
		};
		53E38F482BD4017C0095ACFC /* Resources */ = {
			isa = PBXResourcesBuildPhase;
			buildActionMask = 2147483647;
			files = (
			);
			runOnlyForDeploymentPostprocessing = 0;
		};
		53E38F642BD427A40095ACFC /* Resources */ = {
			isa = PBXResourcesBuildPhase;
			buildActionMask = 2147483647;
			files = (
			);
			runOnlyForDeploymentPostprocessing = 0;
		};
		53E38F6D2BD427A40095ACFC /* Resources */ = {
			isa = PBXResourcesBuildPhase;
			buildActionMask = 2147483647;
			files = (
			);
			runOnlyForDeploymentPostprocessing = 0;
		};
/* End PBXResourcesBuildPhase section */

/* Begin PBXSourcesBuildPhase section */
		5377B1DC2BD2B15100D660B8 /* Sources */ = {
			isa = PBXSourcesBuildPhase;
			buildActionMask = 2147483647;
			files = (
				5377B1E62BD2B15100D660B8 /* ContentView.swift in Sources */,
				53E38F282BD2BB280095ACFC /* LoginWebView.swift in Sources */,
				53E38F2F2BD2CC370095ACFC /* LoginWebViewDelegate.swift in Sources */,
				53E38F392BD3CC040095ACFC /* MainSidebar.swift in Sources */,
				5377B1E42BD2B15100D660B8 /* NextSyncApp.swift in Sources */,
				53E38F2D2BD2BF000095ACFC /* WebViewRepresentable.swift in Sources */,
				53E38F452BD3E2DF0095ACFC /* FileProviderController.swift in Sources */,
				53E38F372BD3CBCD0095ACFC /* MainSplitContentView.swift in Sources */,
				53E38F422BD3D23C0095ACFC /* AccountPicker.swift in Sources */,
				53E38F2A2BD2BD140095ACFC /* LoginView.swift in Sources */,
				53E38F3B2BD3CC170095ACFC /* MainDetailView.swift in Sources */,
				532548DC2BD52D0F007B9772 /* WebLoadingView.swift in Sources */,
				53E38F312BD3B2960095ACFC /* URLSchemeHandler.swift in Sources */,
			);
			runOnlyForDeploymentPostprocessing = 0;
		};
		5377B1EC2BD2B15300D660B8 /* Sources */ = {
			isa = PBXSourcesBuildPhase;
			buildActionMask = 2147483647;
			files = (
				5377B1F52BD2B15300D660B8 /* NextSyncTests.swift in Sources */,
			);
			runOnlyForDeploymentPostprocessing = 0;
		};
		5377B1F62BD2B15300D660B8 /* Sources */ = {
			isa = PBXSourcesBuildPhase;
			buildActionMask = 2147483647;
			files = (
				5377B2012BD2B15300D660B8 /* NextSyncUITestsLaunchTests.swift in Sources */,
				5377B1FF2BD2B15300D660B8 /* NextSyncUITests.swift in Sources */,
			);
			runOnlyForDeploymentPostprocessing = 0;
		};
		53E38F462BD4017C0095ACFC /* Sources */ = {
			isa = PBXSourcesBuildPhase;
			buildActionMask = 2147483647;
			files = (
				53E38F9D2BD507660095ACFC /* FileProviderExtension+Thumbnailing.swift in Sources */,
				53E38F502BD4017C0095ACFC /* FileProviderExtension.swift in Sources */,
				53E38F932BD435460095ACFC /* FileProviderExtension+Servicing.swift in Sources */,
				53E38F962BD435AA0095ACFC /* AppCommunicationServiceSource.swift in Sources */,
			);
			runOnlyForDeploymentPostprocessing = 0;
		};
		53E38F622BD427A40095ACFC /* Sources */ = {
			isa = PBXSourcesBuildPhase;
			buildActionMask = 2147483647;
			files = (
				53E38F992BD435C40095ACFC /* AppCommunicationService.swift in Sources */,
				53E38F9B2BD443D00095ACFC /* NSFileProviderDomain+Extensions.swift in Sources */,
				53E38F6A2BD427A40095ACFC /* NextSyncKit.docc in Sources */,
				53E38F8C2BD429D80095ACFC /* Logger+Extension.swift in Sources */,
				53E38F852BD427E70095ACFC /* AccountModel.swift in Sources */,
				53E38F842BD427E70095ACFC /* AccountsActor.swift in Sources */,
			);
			runOnlyForDeploymentPostprocessing = 0;
		};
		53E38F6B2BD427A40095ACFC /* Sources */ = {
			isa = PBXSourcesBuildPhase;
			buildActionMask = 2147483647;
			files = (
				53E38F772BD427A40095ACFC /* NextSyncKitTests.swift in Sources */,
			);
			runOnlyForDeploymentPostprocessing = 0;
		};
/* End PBXSourcesBuildPhase section */

/* Begin PBXTargetDependency section */
		5377B1F22BD2B15300D660B8 /* PBXTargetDependency */ = {
			isa = PBXTargetDependency;
			target = 5377B1DF2BD2B15100D660B8 /* NextSync */;
			targetProxy = 5377B1F12BD2B15300D660B8 /* PBXContainerItemProxy */;
		};
		5377B1FC2BD2B15300D660B8 /* PBXTargetDependency */ = {
			isa = PBXTargetDependency;
			target = 5377B1DF2BD2B15100D660B8 /* NextSync */;
			targetProxy = 5377B1FB2BD2B15300D660B8 /* PBXContainerItemProxy */;
		};
		53E38F582BD4017C0095ACFC /* PBXTargetDependency */ = {
			isa = PBXTargetDependency;
			target = 53E38F492BD4017C0095ACFC /* FileProviderExtension */;
			targetProxy = 53E38F572BD4017C0095ACFC /* PBXContainerItemProxy */;
		};
		53E38F722BD427A40095ACFC /* PBXTargetDependency */ = {
			isa = PBXTargetDependency;
			target = 53E38F652BD427A40095ACFC /* NextSyncKit */;
			targetProxy = 53E38F712BD427A40095ACFC /* PBXContainerItemProxy */;
		};
		53E38F742BD427A40095ACFC /* PBXTargetDependency */ = {
			isa = PBXTargetDependency;
			target = 5377B1DF2BD2B15100D660B8 /* NextSync */;
			targetProxy = 53E38F732BD427A40095ACFC /* PBXContainerItemProxy */;
		};
		53E38F7A2BD427A40095ACFC /* PBXTargetDependency */ = {
			isa = PBXTargetDependency;
			target = 53E38F652BD427A40095ACFC /* NextSyncKit */;
			targetProxy = 53E38F792BD427A40095ACFC /* PBXContainerItemProxy */;
		};
		53E38F8A2BD428160095ACFC /* PBXTargetDependency */ = {
			isa = PBXTargetDependency;
			target = 53E38F652BD427A40095ACFC /* NextSyncKit */;
			targetProxy = 53E38F892BD428160095ACFC /* PBXContainerItemProxy */;
		};
/* End PBXTargetDependency section */

/* Begin XCBuildConfiguration section */
		5377B2022BD2B15300D660B8 /* Debug */ = {
			isa = XCBuildConfiguration;
			buildSettings = {
				ALWAYS_SEARCH_USER_PATHS = NO;
				ASSETCATALOG_COMPILER_GENERATE_SWIFT_ASSET_SYMBOL_EXTENSIONS = YES;
				CLANG_ANALYZER_NONNULL = YES;
				CLANG_ANALYZER_NUMBER_OBJECT_CONVERSION = YES_AGGRESSIVE;
				CLANG_CXX_LANGUAGE_STANDARD = "gnu++20";
				CLANG_ENABLE_MODULES = YES;
				CLANG_ENABLE_OBJC_ARC = YES;
				CLANG_ENABLE_OBJC_WEAK = YES;
				CLANG_WARN_BLOCK_CAPTURE_AUTORELEASING = YES;
				CLANG_WARN_BOOL_CONVERSION = YES;
				CLANG_WARN_COMMA = YES;
				CLANG_WARN_CONSTANT_CONVERSION = YES;
				CLANG_WARN_DEPRECATED_OBJC_IMPLEMENTATIONS = YES;
				CLANG_WARN_DIRECT_OBJC_ISA_USAGE = YES_ERROR;
				CLANG_WARN_DOCUMENTATION_COMMENTS = YES;
				CLANG_WARN_EMPTY_BODY = YES;
				CLANG_WARN_ENUM_CONVERSION = YES;
				CLANG_WARN_INFINITE_RECURSION = YES;
				CLANG_WARN_INT_CONVERSION = YES;
				CLANG_WARN_NON_LITERAL_NULL_CONVERSION = YES;
				CLANG_WARN_OBJC_IMPLICIT_RETAIN_SELF = YES;
				CLANG_WARN_OBJC_LITERAL_CONVERSION = YES;
				CLANG_WARN_OBJC_ROOT_CLASS = YES_ERROR;
				CLANG_WARN_QUOTED_INCLUDE_IN_FRAMEWORK_HEADER = YES;
				CLANG_WARN_RANGE_LOOP_ANALYSIS = YES;
				CLANG_WARN_STRICT_PROTOTYPES = YES;
				CLANG_WARN_SUSPICIOUS_MOVE = YES;
				CLANG_WARN_UNGUARDED_AVAILABILITY = YES_AGGRESSIVE;
				CLANG_WARN_UNREACHABLE_CODE = YES;
				CLANG_WARN__DUPLICATE_METHOD_MATCH = YES;
				COPY_PHASE_STRIP = NO;
				DEBUG_INFORMATION_FORMAT = dwarf;
				ENABLE_STRICT_OBJC_MSGSEND = YES;
				ENABLE_TESTABILITY = YES;
				ENABLE_USER_SCRIPT_SANDBOXING = YES;
				GCC_C_LANGUAGE_STANDARD = gnu17;
				GCC_DYNAMIC_NO_PIC = NO;
				GCC_NO_COMMON_BLOCKS = YES;
				GCC_OPTIMIZATION_LEVEL = 0;
				GCC_PREPROCESSOR_DEFINITIONS = (
					"DEBUG=1",
					"$(inherited)",
				);
				GCC_WARN_64_TO_32_BIT_CONVERSION = YES;
				GCC_WARN_ABOUT_RETURN_TYPE = YES_ERROR;
				GCC_WARN_UNDECLARED_SELECTOR = YES;
				GCC_WARN_UNINITIALIZED_AUTOS = YES_AGGRESSIVE;
				GCC_WARN_UNUSED_FUNCTION = YES;
				GCC_WARN_UNUSED_VARIABLE = YES;
				IPHONEOS_DEPLOYMENT_TARGET = 17.4;
				LOCALIZATION_PREFERS_STRING_CATALOGS = YES;
				MTL_ENABLE_DEBUG_INFO = INCLUDE_SOURCE;
				MTL_FAST_MATH = YES;
				ONLY_ACTIVE_ARCH = YES;
				SDKROOT = iphoneos;
				SWIFT_ACTIVE_COMPILATION_CONDITIONS = "DEBUG $(inherited)";
				SWIFT_OPTIMIZATION_LEVEL = "-Onone";
			};
			name = Debug;
		};
		5377B2032BD2B15300D660B8 /* Release */ = {
			isa = XCBuildConfiguration;
			buildSettings = {
				ALWAYS_SEARCH_USER_PATHS = NO;
				ASSETCATALOG_COMPILER_GENERATE_SWIFT_ASSET_SYMBOL_EXTENSIONS = YES;
				CLANG_ANALYZER_NONNULL = YES;
				CLANG_ANALYZER_NUMBER_OBJECT_CONVERSION = YES_AGGRESSIVE;
				CLANG_CXX_LANGUAGE_STANDARD = "gnu++20";
				CLANG_ENABLE_MODULES = YES;
				CLANG_ENABLE_OBJC_ARC = YES;
				CLANG_ENABLE_OBJC_WEAK = YES;
				CLANG_WARN_BLOCK_CAPTURE_AUTORELEASING = YES;
				CLANG_WARN_BOOL_CONVERSION = YES;
				CLANG_WARN_COMMA = YES;
				CLANG_WARN_CONSTANT_CONVERSION = YES;
				CLANG_WARN_DEPRECATED_OBJC_IMPLEMENTATIONS = YES;
				CLANG_WARN_DIRECT_OBJC_ISA_USAGE = YES_ERROR;
				CLANG_WARN_DOCUMENTATION_COMMENTS = YES;
				CLANG_WARN_EMPTY_BODY = YES;
				CLANG_WARN_ENUM_CONVERSION = YES;
				CLANG_WARN_INFINITE_RECURSION = YES;
				CLANG_WARN_INT_CONVERSION = YES;
				CLANG_WARN_NON_LITERAL_NULL_CONVERSION = YES;
				CLANG_WARN_OBJC_IMPLICIT_RETAIN_SELF = YES;
				CLANG_WARN_OBJC_LITERAL_CONVERSION = YES;
				CLANG_WARN_OBJC_ROOT_CLASS = YES_ERROR;
				CLANG_WARN_QUOTED_INCLUDE_IN_FRAMEWORK_HEADER = YES;
				CLANG_WARN_RANGE_LOOP_ANALYSIS = YES;
				CLANG_WARN_STRICT_PROTOTYPES = YES;
				CLANG_WARN_SUSPICIOUS_MOVE = YES;
				CLANG_WARN_UNGUARDED_AVAILABILITY = YES_AGGRESSIVE;
				CLANG_WARN_UNREACHABLE_CODE = YES;
				CLANG_WARN__DUPLICATE_METHOD_MATCH = YES;
				COPY_PHASE_STRIP = NO;
				DEBUG_INFORMATION_FORMAT = "dwarf-with-dsym";
				ENABLE_NS_ASSERTIONS = NO;
				ENABLE_STRICT_OBJC_MSGSEND = YES;
				ENABLE_USER_SCRIPT_SANDBOXING = YES;
				GCC_C_LANGUAGE_STANDARD = gnu17;
				GCC_NO_COMMON_BLOCKS = YES;
				GCC_WARN_64_TO_32_BIT_CONVERSION = YES;
				GCC_WARN_ABOUT_RETURN_TYPE = YES_ERROR;
				GCC_WARN_UNDECLARED_SELECTOR = YES;
				GCC_WARN_UNINITIALIZED_AUTOS = YES_AGGRESSIVE;
				GCC_WARN_UNUSED_FUNCTION = YES;
				GCC_WARN_UNUSED_VARIABLE = YES;
				IPHONEOS_DEPLOYMENT_TARGET = 17.4;
				LOCALIZATION_PREFERS_STRING_CATALOGS = YES;
				MTL_ENABLE_DEBUG_INFO = NO;
				MTL_FAST_MATH = YES;
				SDKROOT = iphoneos;
				SWIFT_COMPILATION_MODE = wholemodule;
				VALIDATE_PRODUCT = YES;
			};
			name = Release;
		};
		5377B2052BD2B15300D660B8 /* Debug */ = {
			isa = XCBuildConfiguration;
			buildSettings = {
				ASSETCATALOG_COMPILER_APPICON_NAME = AppIcon;
				ASSETCATALOG_COMPILER_GLOBAL_ACCENT_COLOR_NAME = AccentColor;
				CODE_SIGN_ENTITLEMENTS = NextSync/NextSync.entitlements;
				"CODE_SIGN_ENTITLEMENTS[sdk=macosx*]" = "NextSync/NextSync-macOS.entitlements";
				CODE_SIGN_STYLE = Automatic;
				CURRENT_PROJECT_VERSION = 1;
				DEVELOPMENT_ASSET_PATHS = "\"NextSync/Preview Content\"";
				DEVELOPMENT_TEAM = C4QUVLMPQU;
				ENABLE_PREVIEWS = YES;
				GENERATE_INFOPLIST_FILE = YES;
				INFOPLIST_FILE = NextSync/Info.plist;
				INFOPLIST_KEY_CFBundleDisplayName = NextSync;
				INFOPLIST_KEY_LSApplicationCategoryType = "public.app-category.utilities";
				INFOPLIST_KEY_UIApplicationSceneManifest_Generation = YES;
				INFOPLIST_KEY_UIApplicationSupportsIndirectInputEvents = YES;
				INFOPLIST_KEY_UILaunchScreen_Generation = YES;
				INFOPLIST_KEY_UISupportedInterfaceOrientations_iPad = "UIInterfaceOrientationPortrait UIInterfaceOrientationPortraitUpsideDown UIInterfaceOrientationLandscapeLeft UIInterfaceOrientationLandscapeRight";
				INFOPLIST_KEY_UISupportedInterfaceOrientations_iPhone = "UIInterfaceOrientationPortrait UIInterfaceOrientationLandscapeLeft UIInterfaceOrientationLandscapeRight";
				IPHONEOS_DEPLOYMENT_TARGET = 17.0;
				LD_RUNPATH_SEARCH_PATHS = (
					"$(inherited)",
					"@executable_path/Frameworks",
				);
				MACOSX_DEPLOYMENT_TARGET = 14.0;
				MARKETING_VERSION = 1.0;
				PRODUCT_BUNDLE_IDENTIFIER = com.claucambra.NextSync;
				PRODUCT_NAME = "$(TARGET_NAME)";
				SUPPORTED_PLATFORMS = "iphoneos iphonesimulator macosx xros xrsimulator";
				SUPPORTS_MACCATALYST = NO;
				SUPPORTS_MAC_DESIGNED_FOR_IPHONE_IPAD = NO;
				SUPPORTS_XR_DESIGNED_FOR_IPHONE_IPAD = NO;
				SWIFT_EMIT_LOC_STRINGS = YES;
				SWIFT_VERSION = 5.0;
				TARGETED_DEVICE_FAMILY = "1,2,7";
				XROS_DEPLOYMENT_TARGET = 1.0;
			};
			name = Debug;
		};
		5377B2062BD2B15300D660B8 /* Release */ = {
			isa = XCBuildConfiguration;
			buildSettings = {
				ASSETCATALOG_COMPILER_APPICON_NAME = AppIcon;
				ASSETCATALOG_COMPILER_GLOBAL_ACCENT_COLOR_NAME = AccentColor;
				CODE_SIGN_ENTITLEMENTS = NextSync/NextSync.entitlements;
				"CODE_SIGN_ENTITLEMENTS[sdk=macosx*]" = "NextSync/NextSync-macOS.entitlements";
				CODE_SIGN_STYLE = Automatic;
				CURRENT_PROJECT_VERSION = 1;
				DEVELOPMENT_ASSET_PATHS = "\"NextSync/Preview Content\"";
				DEVELOPMENT_TEAM = C4QUVLMPQU;
				ENABLE_PREVIEWS = YES;
				GENERATE_INFOPLIST_FILE = YES;
				INFOPLIST_FILE = NextSync/Info.plist;
				INFOPLIST_KEY_CFBundleDisplayName = NextSync;
				INFOPLIST_KEY_LSApplicationCategoryType = "public.app-category.utilities";
				INFOPLIST_KEY_UIApplicationSceneManifest_Generation = YES;
				INFOPLIST_KEY_UIApplicationSupportsIndirectInputEvents = YES;
				INFOPLIST_KEY_UILaunchScreen_Generation = YES;
				INFOPLIST_KEY_UISupportedInterfaceOrientations_iPad = "UIInterfaceOrientationPortrait UIInterfaceOrientationPortraitUpsideDown UIInterfaceOrientationLandscapeLeft UIInterfaceOrientationLandscapeRight";
				INFOPLIST_KEY_UISupportedInterfaceOrientations_iPhone = "UIInterfaceOrientationPortrait UIInterfaceOrientationLandscapeLeft UIInterfaceOrientationLandscapeRight";
				IPHONEOS_DEPLOYMENT_TARGET = 17.0;
				LD_RUNPATH_SEARCH_PATHS = (
					"$(inherited)",
					"@executable_path/Frameworks",
				);
				MACOSX_DEPLOYMENT_TARGET = 14.0;
				MARKETING_VERSION = 1.0;
				PRODUCT_BUNDLE_IDENTIFIER = com.claucambra.NextSync;
				PRODUCT_NAME = "$(TARGET_NAME)";
				SUPPORTED_PLATFORMS = "iphoneos iphonesimulator macosx xros xrsimulator";
				SUPPORTS_MACCATALYST = NO;
				SUPPORTS_MAC_DESIGNED_FOR_IPHONE_IPAD = NO;
				SUPPORTS_XR_DESIGNED_FOR_IPHONE_IPAD = NO;
				SWIFT_EMIT_LOC_STRINGS = YES;
				SWIFT_VERSION = 5.0;
				TARGETED_DEVICE_FAMILY = "1,2,7";
				XROS_DEPLOYMENT_TARGET = 1.0;
			};
			name = Release;
		};
		5377B2082BD2B15300D660B8 /* Debug */ = {
			isa = XCBuildConfiguration;
			buildSettings = {
				ALWAYS_EMBED_SWIFT_STANDARD_LIBRARIES = YES;
				BUNDLE_LOADER = "$(TEST_HOST)";
				CODE_SIGN_STYLE = Automatic;
				CURRENT_PROJECT_VERSION = 1;
				DEVELOPMENT_TEAM = C4QUVLMPQU;
				GENERATE_INFOPLIST_FILE = YES;
				IPHONEOS_DEPLOYMENT_TARGET = 17.4;
				MARKETING_VERSION = 1.0;
				PRODUCT_BUNDLE_IDENTIFIER = com.claucambra.NextSyncTests;
				PRODUCT_NAME = "$(TARGET_NAME)";
				SWIFT_EMIT_LOC_STRINGS = NO;
				SWIFT_VERSION = 5.0;
				TARGETED_DEVICE_FAMILY = "1,2";
				TEST_HOST = "$(BUILT_PRODUCTS_DIR)/NextSync.app/$(BUNDLE_EXECUTABLE_FOLDER_PATH)/NextSync";
			};
			name = Debug;
		};
		5377B2092BD2B15300D660B8 /* Release */ = {
			isa = XCBuildConfiguration;
			buildSettings = {
				ALWAYS_EMBED_SWIFT_STANDARD_LIBRARIES = YES;
				BUNDLE_LOADER = "$(TEST_HOST)";
				CODE_SIGN_STYLE = Automatic;
				CURRENT_PROJECT_VERSION = 1;
				DEVELOPMENT_TEAM = C4QUVLMPQU;
				GENERATE_INFOPLIST_FILE = YES;
				IPHONEOS_DEPLOYMENT_TARGET = 17.4;
				MARKETING_VERSION = 1.0;
				PRODUCT_BUNDLE_IDENTIFIER = com.claucambra.NextSyncTests;
				PRODUCT_NAME = "$(TARGET_NAME)";
				SWIFT_EMIT_LOC_STRINGS = NO;
				SWIFT_VERSION = 5.0;
				TARGETED_DEVICE_FAMILY = "1,2";
				TEST_HOST = "$(BUILT_PRODUCTS_DIR)/NextSync.app/$(BUNDLE_EXECUTABLE_FOLDER_PATH)/NextSync";
			};
			name = Release;
		};
		5377B20B2BD2B15300D660B8 /* Debug */ = {
			isa = XCBuildConfiguration;
			buildSettings = {
				CODE_SIGN_STYLE = Automatic;
				CURRENT_PROJECT_VERSION = 1;
				DEVELOPMENT_TEAM = C4QUVLMPQU;
				GENERATE_INFOPLIST_FILE = YES;
				MARKETING_VERSION = 1.0;
				PRODUCT_BUNDLE_IDENTIFIER = com.claucambra.NextSyncUITests;
				PRODUCT_NAME = "$(TARGET_NAME)";
				SWIFT_VERSION = 5.0;
				TEST_TARGET_NAME = NextSync;
			};
			name = Debug;
		};
		5377B20C2BD2B15300D660B8 /* Release */ = {
			isa = XCBuildConfiguration;
			buildSettings = {
				CODE_SIGN_STYLE = Automatic;
				CURRENT_PROJECT_VERSION = 1;
				DEVELOPMENT_TEAM = C4QUVLMPQU;
				GENERATE_INFOPLIST_FILE = YES;
				MARKETING_VERSION = 1.0;
				PRODUCT_BUNDLE_IDENTIFIER = com.claucambra.NextSyncUITests;
				PRODUCT_NAME = "$(TARGET_NAME)";
				SWIFT_VERSION = 5.0;
				TEST_TARGET_NAME = NextSync;
			};
			name = Release;
		};
		53E38F5B2BD4017C0095ACFC /* Debug */ = {
			isa = XCBuildConfiguration;
			buildSettings = {
				CODE_SIGN_ENTITLEMENTS = FileProviderExtension/FileProviderExtension.entitlements;
				"CODE_SIGN_ENTITLEMENTS[sdk=macosx*]" = "FileProviderExtension/FileProviderExtension-macOS.entitlements";
				CODE_SIGN_STYLE = Automatic;
				CURRENT_PROJECT_VERSION = 1;
				DEVELOPMENT_TEAM = C4QUVLMPQU;
				ENABLE_HARDENED_RUNTIME = YES;
				ENABLE_TESTING_SEARCH_PATHS = YES;
				GENERATE_INFOPLIST_FILE = YES;
				INFOPLIST_FILE = FileProviderExtension/Info.plist;
				INFOPLIST_KEY_CFBundleDisplayName = FileProviderExtension;
				INFOPLIST_KEY_NSHumanReadableCopyright = "";
				IPHONEOS_DEPLOYMENT_TARGET = 17.0;
				LD_RUNPATH_SEARCH_PATHS = (
					"$(inherited)",
					"@executable_path/../Frameworks",
					"@executable_path/../../../../Frameworks",
					"@executable_path/Frameworks",
				);
				MACOSX_DEPLOYMENT_TARGET = 14.0;
				MARKETING_VERSION = 1.0;
				PRODUCT_BUNDLE_IDENTIFIER = com.claucambra.NextSync.FileProviderExtension;
				PRODUCT_NAME = "$(TARGET_NAME)";
				SDKROOT = auto;
				SUPPORTED_PLATFORMS = "iphoneos iphonesimulator macosx xros xrsimulator";
				SUPPORTS_MACCATALYST = NO;
				SWIFT_VERSION = 5.0;
				TARGETED_DEVICE_FAMILY = "1,2,7";
				XROS_DEPLOYMENT_TARGET = 1.0;
			};
			name = Debug;
		};
		53E38F5C2BD4017C0095ACFC /* Release */ = {
			isa = XCBuildConfiguration;
			buildSettings = {
				CODE_SIGN_ENTITLEMENTS = FileProviderExtension/FileProviderExtension.entitlements;
				"CODE_SIGN_ENTITLEMENTS[sdk=macosx*]" = "FileProviderExtension/FileProviderExtension-macOS.entitlements";
				CODE_SIGN_STYLE = Automatic;
				CURRENT_PROJECT_VERSION = 1;
				DEVELOPMENT_TEAM = C4QUVLMPQU;
				ENABLE_HARDENED_RUNTIME = YES;
				ENABLE_TESTING_SEARCH_PATHS = YES;
				GENERATE_INFOPLIST_FILE = YES;
				INFOPLIST_FILE = FileProviderExtension/Info.plist;
				INFOPLIST_KEY_CFBundleDisplayName = FileProviderExtension;
				INFOPLIST_KEY_NSHumanReadableCopyright = "";
				IPHONEOS_DEPLOYMENT_TARGET = 17.0;
				LD_RUNPATH_SEARCH_PATHS = (
					"$(inherited)",
					"@executable_path/../Frameworks",
					"@executable_path/../../../../Frameworks",
					"@executable_path/Frameworks",
				);
				MACOSX_DEPLOYMENT_TARGET = 14.0;
				MARKETING_VERSION = 1.0;
				PRODUCT_BUNDLE_IDENTIFIER = com.claucambra.NextSync.FileProviderExtension;
				PRODUCT_NAME = "$(TARGET_NAME)";
				SDKROOT = auto;
				SUPPORTED_PLATFORMS = "iphoneos iphonesimulator macosx xros xrsimulator";
				SUPPORTS_MACCATALYST = NO;
				SWIFT_VERSION = 5.0;
				TARGETED_DEVICE_FAMILY = "1,2,7";
				XROS_DEPLOYMENT_TARGET = 1.0;
			};
			name = Release;
		};
		53E38F7E2BD427A40095ACFC /* Debug */ = {
			isa = XCBuildConfiguration;
			buildSettings = {
				CODE_SIGN_STYLE = Automatic;
				CURRENT_PROJECT_VERSION = 1;
				DEVELOPMENT_TEAM = C4QUVLMPQU;
				DYLIB_COMPATIBILITY_VERSION = 1;
				DYLIB_CURRENT_VERSION = 1;
				DYLIB_INSTALL_NAME_BASE = "@rpath";
				GENERATE_INFOPLIST_FILE = YES;
				INFOPLIST_KEY_NSHumanReadableCopyright = "";
				INSTALL_PATH = "$(LOCAL_LIBRARY_DIR)/Frameworks";
				IPHONEOS_DEPLOYMENT_TARGET = 17.0;
				LD_RUNPATH_SEARCH_PATHS = (
					"@executable_path/Frameworks",
					"@loader_path/Frameworks",
				);
				"LD_RUNPATH_SEARCH_PATHS[sdk=macosx*]" = (
					"@executable_path/../Frameworks",
					"@loader_path/Frameworks",
				);
				MACOSX_DEPLOYMENT_TARGET = 14.0;
				MARKETING_VERSION = 1.0;
				PRODUCT_BUNDLE_IDENTIFIER = com.claucambra.NextSync.NextSyncKit;
				PRODUCT_NAME = "$(TARGET_NAME:c99extidentifier)";
				SDKROOT = auto;
				SUPPORTED_PLATFORMS = "appletvos appletvsimulator iphoneos iphonesimulator macosx watchos watchsimulator xros xrsimulator";
				SUPPORTS_MACCATALYST = NO;
				SWIFT_VERSION = 5.0;
				TARGETED_DEVICE_FAMILY = "1,2,3,4,7";
				TVOS_DEPLOYMENT_TARGET = 17.0;
				VERSIONING_SYSTEM = "apple-generic";
				VERSION_INFO_PREFIX = "";
				WATCHOS_DEPLOYMENT_TARGET = 10.0;
				XROS_DEPLOYMENT_TARGET = 1.0;
			};
			name = Debug;
		};
		53E38F7F2BD427A40095ACFC /* Release */ = {
			isa = XCBuildConfiguration;
			buildSettings = {
				CODE_SIGN_STYLE = Automatic;
				CURRENT_PROJECT_VERSION = 1;
				DEVELOPMENT_TEAM = C4QUVLMPQU;
				DYLIB_COMPATIBILITY_VERSION = 1;
				DYLIB_CURRENT_VERSION = 1;
				DYLIB_INSTALL_NAME_BASE = "@rpath";
				GENERATE_INFOPLIST_FILE = YES;
				INFOPLIST_KEY_NSHumanReadableCopyright = "";
				INSTALL_PATH = "$(LOCAL_LIBRARY_DIR)/Frameworks";
				IPHONEOS_DEPLOYMENT_TARGET = 17.0;
				LD_RUNPATH_SEARCH_PATHS = (
					"@executable_path/Frameworks",
					"@loader_path/Frameworks",
				);
				"LD_RUNPATH_SEARCH_PATHS[sdk=macosx*]" = (
					"@executable_path/../Frameworks",
					"@loader_path/Frameworks",
				);
				MACOSX_DEPLOYMENT_TARGET = 14.0;
				MARKETING_VERSION = 1.0;
				PRODUCT_BUNDLE_IDENTIFIER = com.claucambra.NextSync.NextSyncKit;
				PRODUCT_NAME = "$(TARGET_NAME:c99extidentifier)";
				SDKROOT = auto;
				SUPPORTED_PLATFORMS = "appletvos appletvsimulator iphoneos iphonesimulator macosx watchos watchsimulator xros xrsimulator";
				SUPPORTS_MACCATALYST = NO;
				SWIFT_VERSION = 5.0;
				TARGETED_DEVICE_FAMILY = "1,2,3,4,7";
				TVOS_DEPLOYMENT_TARGET = 17.0;
				VERSIONING_SYSTEM = "apple-generic";
				VERSION_INFO_PREFIX = "";
				WATCHOS_DEPLOYMENT_TARGET = 10.0;
				XROS_DEPLOYMENT_TARGET = 1.0;
			};
			name = Release;
		};
		53E38F822BD427A40095ACFC /* Debug */ = {
			isa = XCBuildConfiguration;
			buildSettings = {
				ALLOW_TARGET_PLATFORM_SPECIALIZATION = YES;
				ALWAYS_EMBED_SWIFT_STANDARD_LIBRARIES = YES;
				CODE_SIGN_STYLE = Automatic;
				CURRENT_PROJECT_VERSION = 1;
				DEVELOPMENT_TEAM = C4QUVLMPQU;
				GENERATE_INFOPLIST_FILE = YES;
				IPHONEOS_DEPLOYMENT_TARGET = 17.4;
				MACOSX_DEPLOYMENT_TARGET = 14.2;
				MARKETING_VERSION = 1.0;
				PRODUCT_BUNDLE_IDENTIFIER = com.claucambra.NextSync.NextSyncKitTests;
				PRODUCT_NAME = "$(TARGET_NAME)";
				SDKROOT = auto;
				SUPPORTED_PLATFORMS = "iphoneos iphonesimulator macosx";
				SWIFT_EMIT_LOC_STRINGS = NO;
				SWIFT_VERSION = 5.0;
				TARGETED_DEVICE_FAMILY = "1,2";
				TEST_HOST = "$(BUILT_PRODUCTS_DIR)/NextSync.app/$(BUNDLE_EXECUTABLE_FOLDER_PATH)/NextSync";
			};
			name = Debug;
		};
		53E38F832BD427A40095ACFC /* Release */ = {
			isa = XCBuildConfiguration;
			buildSettings = {
				ALLOW_TARGET_PLATFORM_SPECIALIZATION = YES;
				ALWAYS_EMBED_SWIFT_STANDARD_LIBRARIES = YES;
				CODE_SIGN_STYLE = Automatic;
				CURRENT_PROJECT_VERSION = 1;
				DEVELOPMENT_TEAM = C4QUVLMPQU;
				GENERATE_INFOPLIST_FILE = YES;
				IPHONEOS_DEPLOYMENT_TARGET = 17.4;
				MACOSX_DEPLOYMENT_TARGET = 14.2;
				MARKETING_VERSION = 1.0;
				PRODUCT_BUNDLE_IDENTIFIER = com.claucambra.NextSync.NextSyncKitTests;
				PRODUCT_NAME = "$(TARGET_NAME)";
				SDKROOT = auto;
				SUPPORTED_PLATFORMS = "iphoneos iphonesimulator macosx";
				SWIFT_EMIT_LOC_STRINGS = NO;
				SWIFT_VERSION = 5.0;
				TARGETED_DEVICE_FAMILY = "1,2";
				TEST_HOST = "$(BUILT_PRODUCTS_DIR)/NextSync.app/$(BUNDLE_EXECUTABLE_FOLDER_PATH)/NextSync";
			};
			name = Release;
		};
/* End XCBuildConfiguration section */

/* Begin XCConfigurationList section */
		5377B1DB2BD2B15100D660B8 /* Build configuration list for PBXProject "NextSync" */ = {
			isa = XCConfigurationList;
			buildConfigurations = (
				5377B2022BD2B15300D660B8 /* Debug */,
				5377B2032BD2B15300D660B8 /* Release */,
			);
			defaultConfigurationIsVisible = 0;
			defaultConfigurationName = Release;
		};
		5377B2042BD2B15300D660B8 /* Build configuration list for PBXNativeTarget "NextSync" */ = {
			isa = XCConfigurationList;
			buildConfigurations = (
				5377B2052BD2B15300D660B8 /* Debug */,
				5377B2062BD2B15300D660B8 /* Release */,
			);
			defaultConfigurationIsVisible = 0;
			defaultConfigurationName = Release;
		};
		5377B2072BD2B15300D660B8 /* Build configuration list for PBXNativeTarget "NextSyncTests" */ = {
			isa = XCConfigurationList;
			buildConfigurations = (
				5377B2082BD2B15300D660B8 /* Debug */,
				5377B2092BD2B15300D660B8 /* Release */,
			);
			defaultConfigurationIsVisible = 0;
			defaultConfigurationName = Release;
		};
		5377B20A2BD2B15300D660B8 /* Build configuration list for PBXNativeTarget "NextSyncUITests" */ = {
			isa = XCConfigurationList;
			buildConfigurations = (
				5377B20B2BD2B15300D660B8 /* Debug */,
				5377B20C2BD2B15300D660B8 /* Release */,
			);
			defaultConfigurationIsVisible = 0;
			defaultConfigurationName = Release;
		};
		53E38F5A2BD4017C0095ACFC /* Build configuration list for PBXNativeTarget "FileProviderExtension" */ = {
			isa = XCConfigurationList;
			buildConfigurations = (
				53E38F5B2BD4017C0095ACFC /* Debug */,
				53E38F5C2BD4017C0095ACFC /* Release */,
			);
			defaultConfigurationIsVisible = 0;
			defaultConfigurationName = Release;
		};
		53E38F7D2BD427A40095ACFC /* Build configuration list for PBXNativeTarget "NextSyncKit" */ = {
			isa = XCConfigurationList;
			buildConfigurations = (
				53E38F7E2BD427A40095ACFC /* Debug */,
				53E38F7F2BD427A40095ACFC /* Release */,
			);
			defaultConfigurationIsVisible = 0;
			defaultConfigurationName = Release;
		};
		53E38F812BD427A40095ACFC /* Build configuration list for PBXNativeTarget "NextSyncKitTests" */ = {
			isa = XCConfigurationList;
			buildConfigurations = (
				53E38F822BD427A40095ACFC /* Debug */,
				53E38F832BD427A40095ACFC /* Release */,
			);
			defaultConfigurationIsVisible = 0;
			defaultConfigurationName = Release;
		};
/* End XCConfigurationList section */

/* Begin XCRemoteSwiftPackageReference section */
		53E38F5E2BD40F9C0095ACFC /* XCRemoteSwiftPackageReference "NextcloudFileProviderKit" */ = {
			isa = XCRemoteSwiftPackageReference;
			repositoryURL = "https://github.com/claucambra/NextcloudFileProviderKit.git";
			requirement = {
				branch = main;
				kind = branch;
			};
		};
/* End XCRemoteSwiftPackageReference section */

/* Begin XCSwiftPackageProductDependency section */
		53BDE1A52D5DB89000254560 /* NextcloudFileProviderKit */ = {
			isa = XCSwiftPackageProductDependency;
			package = 53E38F5E2BD40F9C0095ACFC /* XCRemoteSwiftPackageReference "NextcloudFileProviderKit" */;
			productName = NextcloudFileProviderKit;
		};
/* End XCSwiftPackageProductDependency section */
	};
	rootObject = 5377B1D82BD2B15100D660B8 /* Project object */;
}
